
Microsoft Visual Studio Solution File, Format Version 12.00
# Visual Studio Version 16
VisualStudioVersion = 16.0.31624.102
MinimumVisualStudioVersion = 10.0.40219.1
Project("{FAE04EC0-301F-11D3-BF4B-00C04F79EFBC}") = "Gold Sales", "Gold Sales\Gold Sales.csproj", "{F2D947CE-84A2-44A8-9970-F61B631EE88E}"
EndProject
Global
	GlobalSection(SolutionConfigurationPlatforms) = preSolution
		Debug|Any CPU = Debug|Any CPU
		Release|Any CPU = Release|Any CPU
	EndGlobalSection
	GlobalSection(ProjectConfigurationPlatforms) = postSolution
		{F2D947CE-84A2-44A8-9970-F61B631EE88E}.Debug|Any CPU.ActiveCfg = Debug|Any CPU
		{F2D947CE-84A2-44A8-9970-F61B631EE88E}.Debug|Any CPU.Build.0 = Debug|Any CPU
		{F2D947CE-84A2-44A8-9970-F61B631EE88E}.Release|Any CPU.ActiveCfg = Release|Any CPU
		{F2D947CE-84A2-44A8-9970-F61B631EE88E}.Release|Any CPU.Build.0 = Release|Any CPU
	EndGlobalSection
	GlobalSection(SolutionProperties) = preSolution
		HideSolutionNode = FALSE
	EndGlobalSection
	GlobalSection(ExtensibilityGlobals) = postSolution
		SolutionGuid = {B2F8B873-E049-407E-92FB-7847DBDA56D8}
	EndGlobalSection
EndGlobal
